{
    "_readme": [
        "This file locks the dependencies of your project to a known state",
        "Read more about it at https://getcomposer.org/doc/01-basic-usage.md#installing-dependencies",
        "This file is @generated automatically"
    ],
    "content-hash": "d883d056a5909ebdc3b9a94cdf3c87bf",
    "packages": [
        {
            "name": "tufanbarisyildirim/php-apk-parser",
            "version": "2.0.2",
            "source": {
                "type": "git",
                "url": "https://github.com/tufanbarisyildirim/php-apk-parser.git",
                "reference": "76a097c166877a44c8a5144c186e5306d10cd7f2"
            },
            "dist": {
                "type": "zip",
                "url": "https://api.github.com/repos/tufanbarisyildirim/php-apk-parser/zipball/76a097c166877a44c8a5144c186e5306d10cd7f2",
                "reference": "76a097c166877a44c8a5144c186e5306d10cd7f2",
                "shasum": ""
            },
            "require": {
                "ext-json": "*",
                "ext-libxml": "*",
                "ext-mbstring": "*",
                "ext-simplexml": "*",
                "php": ">=7.0"
            },
            "require-dev": {
                "phpunit/phpunit": "^7.4"
            },
            "type": "library",
            "autoload": {
                "psr-0": {
                    "ApkParser": "lib"
                }
            },
            "notification-url": "https://packagist.org/downloads/",
            "license": [
                "MIT"
            ],
            "authors": [
                {
                    "name": "Tufan Baris YILDIRIM",
                    "email": "tufanbarisyildirim@gmail.com",
                    "homepage": "http://tufanbarisyildirim.com",
                    "role": "Developer"
                }
            ],
            "description": "Read basic info about an application from .apk file.",
            "homepage": "https://github.com/tufanbarisyildirim/php-apk-parser",
            "keywords": [
                "android",
                "apk",
                "parser"
            ],
            "time": "2020-01-27T15:23:37+00:00"
        }
    ],
    "packages-dev": [],
    "aliases": [],
    "minimum-stability": "stable",
    "stability-flags": [],
    "prefer-stable": false,
    "prefer-lowest": false,
    "platform": [],
    "platform-dev": []
}
